
Microsoft Visual Studio Solution File, Format Version 12.00
# Visual Studio 2012
Project("{FAE04EC0-301F-11D3-BF4B-00C04F79EFBC}") = "BuildSniffer.Runner", "BuildSniffer.Runner\BuildSniffer.Runner.csproj", "{AFD6B3A8-7729-46D7-B43E-3547F9200D32}"
EndProject
Project("{FAE04EC0-301F-11D3-BF4B-00C04F79EFBC}") = "BuildSniffer", "BuildSniffer\BuildSniffer.csproj", "{E6935BC1-3BAF-4187-846C-7277CE2A7D78}"
EndProject
Global
	GlobalSection(SolutionConfigurationPlatforms) = preSolution
		Debug|Any CPU = Debug|Any CPU
		Release|Any CPU = Release|Any CPU
	EndGlobalSection
	GlobalSection(ProjectConfigurationPlatforms) = postSolution
		{AFD6B3A8-7729-46D7-B43E-3547F9200D32}.Debug|Any CPU.ActiveCfg = Debug|Any CPU
		{AFD6B3A8-7729-46D7-B43E-3547F9200D32}.Debug|Any CPU.Build.0 = Debug|Any CPU
		{AFD6B3A8-7729-46D7-B43E-3547F9200D32}.Release|Any CPU.ActiveCfg = Release|Any CPU
		{AFD6B3A8-7729-46D7-B43E-3547F9200D32}.Release|Any CPU.Build.0 = Release|Any CPU
		{E6935BC1-3BAF-4187-846C-7277CE2A7D78}.Debug|Any CPU.ActiveCfg = Debug|Any CPU
		{E6935BC1-3BAF-4187-846C-7277CE2A7D78}.Debug|Any CPU.Build.0 = Debug|Any CPU
		{E6935BC1-3BAF-4187-846C-7277CE2A7D78}.Release|Any CPU.ActiveCfg = Release|Any CPU
		{E6935BC1-3BAF-4187-846C-7277CE2A7D78}.Release|Any CPU.Build.0 = Release|Any CPU
	EndGlobalSection
	GlobalSection(SolutionProperties) = preSolution
		HideSolutionNode = FALSE
	EndGlobalSection
EndGlobal
